
Microsoft Visual Studio Solution File, Format Version 12.00
Project("{FAE04EC0-301F-11D3-BF4B-00C04F79EFBC}") = "Motherboard", "Motherboard\Motherboard.csproj", "{8B348249-F621-4161-9EAD-6CA3DDD76597}"
EndProject
Global
	GlobalSection(SolutionConfigurationPlatforms) = preSolution
		Debug|Any CPU = Debug|Any CPU
		Release|Any CPU = Release|Any CPU
	EndGlobalSection
	GlobalSection(ProjectConfigurationPlatforms) = postSolution
		{8B348249-F621-4161-9EAD-6CA3DDD76597}.Debug|Any CPU.ActiveCfg = Debug|Any CPU
		{8B348249-F621-4161-9EAD-6CA3DDD76597}.Debug|Any CPU.Build.0 = Debug|Any CPU
		{8B348249-F621-4161-9EAD-6CA3DDD76597}.Release|Any CPU.ActiveCfg = Release|Any CPU
		{8B348249-F621-4161-9EAD-6CA3DDD76597}.Release|Any CPU.Build.0 = Release|Any CPU
	EndGlobalSection
EndGlobal
